// !$*UTF8*$!
{
	archiveVersion = 1;
	classes = {
	};
	objectVersion = 46;
	objects = {

/* Begin PBXBuildFile section */
		2A7664D51F54B36300BD55CF /* AppDelegate.swift in Sources */ = {isa = PBXBuildFile; fileRef = 2A7664D41F54B36300BD55CF /* AppDelegate.swift */; };
		2A7664D71F54B36300BD55CF /* Test1ViewController.swift in Sources */ = {isa = PBXBuildFile; fileRef = 2A7664D61F54B36300BD55CF /* Test1ViewController.swift */; };
		2A7664DA1F54B36300BD55CF /* Main.storyboard in Resources */ = {isa = PBXBuildFile; fileRef = 2A7664D81F54B36300BD55CF /* Main.storyboard */; };
		2A7664DC1F54B36300BD55CF /* Assets.xcassets in Resources */ = {isa = PBXBuildFile; fileRef = 2A7664DB1F54B36300BD55CF /* Assets.xcassets */; };
		2A7664DF1F54B36300BD55CF /* LaunchScreen.storyboard in Resources */ = {isa = PBXBuildFile; fileRef = 2A7664DD1F54B36300BD55CF /* LaunchScreen.storyboard */; };
/* End PBXBuildFile section */

/* Begin PBXFileReference section */
		2A7664D11F54B36300BD55CF /* w6d2.app */ = {isa = PBXFileReference; explicitFileType = wrapper.application; includeInIndex = 0; path = w6d2.app; sourceTree = BUILT_PRODUCTS_DIR; };
		2A7664D41F54B36300BD55CF /* AppDelegate.swift */ = {isa = PBXFileReference; lastKnownFileType = sourcecode.swift; path = AppDelegate.swift; sourceTree = "<group>"; };
		2A7664D61F54B36300BD55CF /* Test1ViewController.swift */ = {isa = PBXFileReference; lastKnownFileType = sourcecode.swift; path = Test1ViewController.swift; sourceTree = "<group>"; };
		2A7664D91F54B36300BD55CF /* Base */ = {isa = PBXFileReference; lastKnownFileType = file.storyboard; name = Base; path = Base.lproj/Main.storyboard; sourceTree = "<group>"; };
		2A7664DB1F54B36300BD55CF /* Assets.xcassets */ = {isa = PBXFileReference; lastKnownFileType = folder.assetcatalog; path = Assets.xcassets; sourceTree = "<group>"; };
		2A7664DE1F54B36300BD55CF /* Base */ = {isa = PBXFileReference; lastKnownFileType = file.storyboard; name = Base; path = Base.lproj/LaunchScreen.storyboard; sourceTree = "<group>"; };
		2A7664E01F54B36300BD55CF /* Info.plist */ = {isa = PBXFileReference; lastKnownFileType = text.plist.xml; path = Info.plist; sourceTree = "<group>"; };
/* End PBXFileReference section */

/* Begin PBXFrameworksBuildPhase section */
		2A7664CE1F54B36300BD55CF /* Frameworks */ = {
			isa = PBXFrameworksBuildPhase;
			buildActionMask = 2147483647;
			files = (
			);
			runOnlyForDeploymentPostprocessing = 0;
		};
/* End PBXFrameworksBuildPhase section */

/* Begin PBXGroup section */
		2A7664C81F54B36300BD55CF = {
			isa = PBXGroup;
			children = (
				2A7664D31F54B36300BD55CF /* w6d2 */,
				2A7664D21F54B36300BD55CF /* Products */,
			);
			sourceTree = "<group>";
		};
		2A7664D21F54B36300BD55CF /* Products */ = {
			isa = PBXGroup;
			children = (
				2A7664D11F54B36300BD55CF /* w6d2.app */,
			);
			name = Products;
			sourceTree = "<group>";
		};
		2A7664D31F54B36300BD55CF /* w6d2 */ = {
			isa = PBXGroup;
			children = (
				2A7664D41F54B36300BD55CF /* AppDelegate.swift */,
				2A7664D61F54B36300BD55CF /* Test1ViewController.swift */,
				2A7664D81F54B36300BD55CF /* Main.storyboard */,
				2A7664DB1F54B36300BD55CF /* Assets.xcassets */,
				2A7664DD1F54B36300BD55CF /* LaunchScreen.storyboard */,
				2A7664E01F54B36300BD55CF /* Info.plist */,
			);
			path = w6d2;
			sourceTree = "<group>";
		};
/* End PBXGroup section */

/* Begin PBXNativeTarget section */
		2A7664D01F54B36300BD55CF /* w6d2 */ = {
			isa = PBXNativeTarget;
			buildConfigurationList = 2A7664E31F54B36300BD55CF /* Build configuration list for PBXNativeTarget "w6d2" */;
			buildPhases = (
				2A7664CD1F54B36300BD55CF /* Sources */,
				2A7664CE1F54B36300BD55CF /* Frameworks */,
				2A7664CF1F54B36300BD55CF /* Resources */,
			);
			buildRules = (
			);
			dependencies = (
			);
			name = w6d2;
			productName = w6d2;
			productReference = 2A7664D11F54B36300BD55CF /* w6d2.app */;
			productType = "com.apple.product-type.application";
		};
/* End PBXNativeTarget section */

/* Begin PBXProject section */
		2A7664C91F54B36300BD55CF /* Project object */ = {
			isa = PBXProject;
			attributes = {
				LastSwiftUpdateCheck = 0830;
				LastUpgradeCheck = 0830;
				ORGANIZATIONNAME = "MoozX Internet Ventures";
				TargetAttributes = {
					2A7664D01F54B36300BD55CF = {
						CreatedOnToolsVersion = 8.3.3;
						DevelopmentTeam = Q9N5PH89AB;
						ProvisioningStyle = Automatic;
					};
				};
			};
			buildConfigurationList = 2A7664CC1F54B36300BD55CF /* Build configuration list for PBXProject "w6d2" */;
			compatibilityVersion = "Xcode 3.2";
			developmentRegion = English;
			hasScannedForEncodings = 0;
			knownRegions = (
				en,
				Base,
			);
			mainGroup = 2A7664C81F54B36300BD55CF;
			productRefGroup = 2A7664D21F54B36300BD55CF /* Products */;
			projectDirPath = "";
			projectRoot = "";
			targets = (
				2A7664D01F54B36300BD55CF /* w6d2 */,
			);
		};
/* End PBXProject section */

/* Begin PBXResourcesBuildPhase section */
		2A7664CF1F54B36300BD55CF /* Resources */ = {
			isa = PBXResourcesBuildPhase;
			buildActionMask = 2147483647;
			files = (
				2A7664DF1F54B36300BD55CF /* LaunchScreen.storyboard in Resources */,
				2A7664DC1F54B36300BD55CF /* Assets.xcassets in Resources */,
				2A7664DA1F54B36300BD55CF /* Main.storyboard in Resources */,
			);
			runOnlyForDeploymentPostprocessing = 0;
		};
/* End PBXResourcesBuildPhase section */

/* Begin PBXSourcesBuildPhase section */
		2A7664CD1F54B36300BD55CF /* Sources */ = {
			isa = PBXSourcesBuildPhase;
			buildActionMask = 2147483647;
			files = (
				2A7664D71F54B36300BD55CF /* Test1ViewController.swift in Sources */,
				2A7664D51F54B36300BD55CF /* AppDelegate.swift in Sources */,
			);
			runOnlyForDeploymentPostprocessing = 0;
		};
/* End PBXSourcesBuildPhase section */

/* Begin PBXVariantGroup section */
		2A7664D81F54B36300BD55CF /* Main.storyboard */ = {
			isa = PBXVariantGroup;
			children = (
				2A7664D91F54B36300BD55CF /* Base */,
			);
			name = Main.storyboard;
			sourceTree = "<group>";
		};
		2A7664DD1F54B36300BD55CF /* LaunchScreen.storyboard */ = {
			isa = PBXVariantGroup;
			children = (
				2A7664DE1F54B36300BD55CF /* Base */,
			);
			name = LaunchScreen.storyboard;
			sourceTree = "<group>";
		};
/* End PBXVariantGroup section */

/* Begin XCBuildConfiguration section */
		2A7664E11F54B36300BD55CF /* Debug */ = {
			isa = XCBuildConfiguration;
			buildSettings = {
				ALWAYS_SEARCH_USER_PATHS = NO;
				CLANG_ANALYZER_NONNULL = YES;
				CLANG_ANALYZER_NUMBER_OBJECT_CONVERSION = YES_AGGRESSIVE;
				CLANG_CXX_LANGUAGE_STANDARD = "gnu++0x";
				CLANG_CXX_LIBRARY = "libc++";
				CLANG_ENABLE_MODULES = YES;
				CLANG_ENABLE_OBJC_ARC = YES;
				CLANG_WARN_BOOL_CONVERSION = YES;
				CLANG_WARN_CONSTANT_CONVERSION = YES;
				CLANG_WARN_DIRECT_OBJC_ISA_USAGE = YES_ERROR;
				CLANG_WARN_DOCUMENTATION_COMMENTS = YES;
				CLANG_WARN_EMPTY_BODY = YES;
				CLANG_WARN_ENUM_CONVERSION = YES;
				CLANG_WARN_INFINITE_RECURSION = YES;
				CLANG_WARN_INT_CONVERSION = YES;
				CLANG_WARN_OBJC_ROOT_CLASS = YES_ERROR;
				CLANG_WARN_SUSPICIOUS_MOVE = YES;
				CLANG_WARN_UNREACHABLE_CODE = YES;
				CLANG_WARN__DUPLICATE_METHOD_MATCH = YES;
				"CODE_SIGN_IDENTITY[sdk=iphoneos*]" = "iPhone Developer";
				COPY_PHASE_STRIP = NO;
				DEBUG_INFORMATION_FORMAT = dwarf;
				ENABLE_STRICT_OBJC_MSGSEND = YES;
				ENABLE_TESTABILITY = YES;
				GCC_C_LANGUAGE_STANDARD = gnu99;
				GCC_DYNAMIC_NO_PIC = NO;
				GCC_NO_COMMON_BLOCKS = YES;
				GCC_OPTIMIZATION_LEVEL = 0;
				GCC_PREPROCESSOR_DEFINITIONS = (
					"DEBUG=1",
					"$(inherited)",
				);
				GCC_WARN_64_TO_32_BIT_CONVERSION = YES;
				GCC_WARN_ABOUT_RETURN_TYPE = YES_ERROR;
				GCC_WARN_UNDECLARED_SELECTOR = YES;
				GCC_WARN_UNINITIALIZED_AUTOS = YES_AGGRESSIVE;
				GCC_WARN_UNUSED_FUNCTION = YES;
				GCC_WARN_UNUSED_VARIABLE = YES;
				IPHONEOS_DEPLOYMENT_TARGET = 10.3;
				MTL_ENABLE_DEBUG_INFO = YES;
				ONLY_ACTIVE_ARCH = YES;
				SDKROOT = iphoneos;
				SWIFT_ACTIVE_COMPILATION_CONDITIONS = DEBUG;
				SWIFT_OPTIMIZATION_LEVEL = "-Onone";
				TARGETED_DEVICE_FAMILY = "1,2";
			};
			name = Debug;
		};
		2A7664E21F54B36300BD55CF /* Release */ = {
			isa = XCBuildConfiguration;
			buildSettings = {
				ALWAYS_SEARCH_USER_PATHS = NO;
				CLANG_ANALYZER_NONNULL = YES;
				CLANG_ANALYZER_NUMBER_OBJECT_CONVERSION = YES_AGGRESSIVE;
				CLANG_CXX_LANGUAGE_STANDARD = "gnu++0x";
				CLANG_CXX_LIBRARY = "libc++";
				CLANG_ENABLE_MODULES = YES;
				CLANG_ENABLE_OBJC_ARC = YES;
				CLANG_WARN_BOOL_CONVERSION = YES;
				CLANG_WARN_CONSTANT_CONVERSION = YES;
				CLANG_WARN_DIRECT_OBJC_ISA_USAGE = YES_ERROR;
				CLANG_WARN_DOCUMENTATION_COMMENTS = YES;
				CLANG_WARN_EMPTY_BODY = YES;
				CLANG_WARN_ENUM_CONVERSION = YES;
				CLANG_WARN_INFINITE_RECURSION = YES;
				CLANG_WARN_INT_CONVERSION = YES;
				CLANG_WARN_OBJC_ROOT_CLASS = YES_ERROR;
				CLANG_WARN_SUSPICIOUS_MOVE = YES;
				CLANG_WARN_UNREACHABLE_CODE = YES;
				CLANG_WARN__DUPLICATE_METHOD_MATCH = YES;
				"CODE_SIGN_IDENTITY[sdk=iphoneos*]" = "iPhone Developer";
				COPY_PHASE_STRIP = NO;
				DEBUG_INFORMATION_FORMAT = "dwarf-with-dsym";
				ENABLE_NS_ASSERTIONS = NO;
				ENABLE_STRICT_OBJC_MSGSEND = YES;
				GCC_C_LANGUAGE_STANDARD = gnu99;
				GCC_NO_COMMON_BLOCKS = YES;
				GCC_WARN_64_TO_32_BIT_CONVERSION = YES;
				GCC_WARN_ABOUT_RETURN_TYPE = YES_ERROR;
				GCC_WARN_UNDECLARED_SELECTOR = YES;
				GCC_WARN_UNINITIALIZED_AUTOS = YES_AGGRESSIVE;
				GCC_WARN_UNUSED_FUNCTION = YES;
				GCC_WARN_UNUSED_VARIABLE = YES;
				IPHONEOS_DEPLOYMENT_TARGET = 10.3;
				MTL_ENABLE_DEBUG_INFO = NO;
				SDKROOT = iphoneos;
				SWIFT_OPTIMIZATION_LEVEL = "-Owholemodule";
				TARGETED_DEVICE_FAMILY = "1,2";
				VALIDATE_PRODUCT = YES;
			};
			name = Release;
		};
		2A7664E41F54B36300BD55CF /* Debug */ = {
			isa = XCBuildConfiguration;
			buildSettings = {
				ASSETCATALOG_COMPILER_APPICON_NAME = AppIcon;
				DEVELOPMENT_TEAM = Q9N5PH89AB;
				INFOPLIST_FILE = w6d2/Info.plist;
				LD_RUNPATH_SEARCH_PATHS = "$(inherited) @executable_path/Frameworks";
				PRODUCT_BUNDLE_IDENTIFIER = com.moozx.w6d2;
				PRODUCT_NAME = "$(TARGET_NAME)";
				SWIFT_VERSION = 3.0;
			};
			name = Debug;
		};
		2A7664E51F54B36300BD55CF /* Release */ = {
			isa = XCBuildConfiguration;
			buildSettings = {
				ASSETCATALOG_COMPILER_APPICON_NAME = AppIcon;
				DEVELOPMENT_TEAM = Q9N5PH89AB;
				INFOPLIST_FILE = w6d2/Info.plist;
				LD_RUNPATH_SEARCH_PATHS = "$(inherited) @executable_path/Frameworks";
				PRODUCT_BUNDLE_IDENTIFIER = com.moozx.w6d2;
				PRODUCT_NAME = "$(TARGET_NAME)";
				SWIFT_VERSION = 3.0;
			};
			name = Release;
		};
/* End XCBuildConfiguration section */

/* Begin XCConfigurationList section */
		2A7664CC1F54B36300BD55CF /* Build configuration list for PBXProject "w6d2" */ = {
			isa = XCConfigurationList;
			buildConfigurations = (
				2A7664E11F54B36300BD55CF /* Debug */,
				2A7664E21F54B36300BD55CF /* Release */,
			);
			defaultConfigurationIsVisible = 0;
			defaultConfigurationName = Release;
		};
		2A7664E31F54B36300BD55CF /* Build configuration list for PBXNativeTarget "w6d2" */ = {
			isa = XCConfigurationList;
			buildConfigurations = (
				2A7664E41F54B36300BD55CF /* Debug */,
				2A7664E51F54B36300BD55CF /* Release */,
			);
			defaultConfigurationIsVisible = 0;
		};
/* End XCConfigurationList section */
	};
	rootObject = 2A7664C91F54B36300BD55CF /* Project object */;
}
